
Microsoft Visual Studio Solution File, Format Version 12.00
# Visual Studio Version 16
VisualStudioVersion = 16.0.30804.86
MinimumVisualStudioVersion = 10.0.40219.1
Project("{8BC9CEB8-8B4A-11D0-8D11-00A0C91BC942}") = "DSNTree", "DSNTree.vcxproj", "{D573ADF7-D8C1-47FE-A9F0-AC1A390181E9}"
EndProject
Global
	GlobalSection(SolutionConfigurationPlatforms) = preSolution
		Debug|x64 = Debug|x64
		Debug|x86 = Debug|x86
		Release|x64 = Release|x64
		Release|x86 = Release|x86
	EndGlobalSection
	GlobalSection(ProjectConfigurationPlatforms) = postSolution
		{D573ADF7-D8C1-47FE-A9F0-AC1A390181E9}.Debug|x64.ActiveCfg = Debug|x64
		{D573ADF7-D8C1-47FE-A9F0-AC1A390181E9}.Debug|x64.Build.0 = Debug|x64
		{D573ADF7-D8C1-47FE-A9F0-AC1A390181E9}.Debug|x86.ActiveCfg = Debug|Win32
		{D573ADF7-D8C1-47FE-A9F0-AC1A390181E9}.Debug|x86.Build.0 = Debug|Win32
		{D573ADF7-D8C1-47FE-A9F0-AC1A390181E9}.Release|x64.ActiveCfg = Release|x64
		{D573ADF7-D8C1-47FE-A9F0-AC1A390181E9}.Release|x64.Build.0 = Release|x64
		{D573ADF7-D8C1-47FE-A9F0-AC1A390181E9}.Release|x86.ActiveCfg = Release|Win32
		{D573ADF7-D8C1-47FE-A9F0-AC1A390181E9}.Release|x86.Build.0 = Release|Win32
	EndGlobalSection
	GlobalSection(SolutionProperties) = preSolution
		HideSolutionNode = FALSE
	EndGlobalSection
	GlobalSection(ExtensibilityGlobals) = postSolution
		SolutionGuid = {6F8B836D-79E8-4432-AB67-F406FFA9A92B}
	EndGlobalSection
EndGlobal
